
Microsoft Visual Studio Solution File, Format Version 12.00
# Visual Studio Version 16
VisualStudioVersion = 16.0.30517.126
MinimumVisualStudioVersion = 10.0.40219.1
Project("{FAE04EC0-301F-11D3-BF4B-00C04F79EFBC}") = "StaffManagement", "StaffManagement\StaffManagement.csproj", "{D16A4B3A-8F5C-4DB1-ADB7-C5C515F54A61}"
EndProject
Project("{FAE04EC0-301F-11D3-BF4B-00C04F79EFBC}") = "StaffManagement.UnitTests", "M:\StaffManagement.UnitTests\StaffManagement.UnitTests\StaffManagement.UnitTests.csproj", "{2DAC500C-099A-4FDF-B209-3C6D7FC82F81}"
EndProject
Global
	GlobalSection(SolutionConfigurationPlatforms) = preSolution
		Debug|Any CPU = Debug|Any CPU
		Release|Any CPU = Release|Any CPU
	EndGlobalSection
	GlobalSection(ProjectConfigurationPlatforms) = postSolution
		{D16A4B3A-8F5C-4DB1-ADB7-C5C515F54A61}.Debug|Any CPU.ActiveCfg = Debug|Any CPU
		{D16A4B3A-8F5C-4DB1-ADB7-C5C515F54A61}.Debug|Any CPU.Build.0 = Debug|Any CPU
		{D16A4B3A-8F5C-4DB1-ADB7-C5C515F54A61}.Release|Any CPU.ActiveCfg = Release|Any CPU
		{D16A4B3A-8F5C-4DB1-ADB7-C5C515F54A61}.Release|Any CPU.Build.0 = Release|Any CPU
		{2DAC500C-099A-4FDF-B209-3C6D7FC82F81}.Debug|Any CPU.ActiveCfg = Debug|Any CPU
		{2DAC500C-099A-4FDF-B209-3C6D7FC82F81}.Debug|Any CPU.Build.0 = Debug|Any CPU
		{2DAC500C-099A-4FDF-B209-3C6D7FC82F81}.Release|Any CPU.ActiveCfg = Release|Any CPU
		{2DAC500C-099A-4FDF-B209-3C6D7FC82F81}.Release|Any CPU.Build.0 = Release|Any CPU
	EndGlobalSection
	GlobalSection(SolutionProperties) = preSolution
		HideSolutionNode = FALSE
	EndGlobalSection
	GlobalSection(ExtensibilityGlobals) = postSolution
		SolutionGuid = {FF2F6ACA-3935-47F3-8B0F-C4A7A98DF01E}
	EndGlobalSection
EndGlobal
